// !$*UTF8*$!
{
	archiveVersion = 1;
	classes = {
	};
	objectVersion = 45;
	objects = {

/* Begin PBXBuildFile section */
		1D60589F0D05DD5A006BFB54 /* Foundation.framework in Frameworks */ = {isa = PBXBuildFile; fileRef = 1D30AB110D05D00D00671497 /* Foundation.framework */; };
		1DF5F4E00D08C38300B7A737 /* UIKit.framework in Frameworks */ = {isa = PBXBuildFile; fileRef = 1DF5F4DF0D08C38300B7A737 /* UIKit.framework */; };
		28FD15000DC6FC520079059D /* OpenGLES.framework in Frameworks */ = {isa = PBXBuildFile; fileRef = 28FD14FF0DC6FC520079059D /* OpenGLES.framework */; };
		28FD15080DC6FC5B0079059D /* QuartzCore.framework in Frameworks */ = {isa = PBXBuildFile; fileRef = 28FD15070DC6FC5B0079059D /* QuartzCore.framework */; };
		529818091155E5A30089E11E /* Default.png in Resources */ = {isa = PBXBuildFile; fileRef = 529818071155E5A30089E11E /* Default.png */; };
		5298180A1155E5A30089E11E /* icon.png in Resources */ = {isa = PBXBuildFile; fileRef = 529818081155E5A30089E11E /* icon.png */; };
		5298181A1155E6050089E11E /* MainWindow.xib in Resources */ = {isa = PBXBuildFile; fileRef = 529818191155E6050089E11E /* MainWindow.xib */; };
		529818A21155EFE00089E11E /* CoreGraphics.framework in Frameworks */ = {isa = PBXBuildFile; fileRef = 529818A11155EFE00089E11E /* CoreGraphics.framework */; };
		529819041155F8350089E11E /* libgles2render.a in Frameworks */ = {isa = PBXBuildFile; fileRef = 5298183D1155E7020089E11E /* libgles2render.a */; };
		529819051155F8350089E11E /* libdjengine.a in Frameworks */ = {isa = PBXBuildFile; fileRef = 529818371155E6E60089E11E /* libdjengine.a */; };
		52BF11CF1415E1FF0009DB26 /* libocmp3lib.a in Frameworks */ = {isa = PBXBuildFile; fileRef = 52BF11CE1415E1FF0009DB26 /* libocmp3lib.a */; };
		52BF11D11415E2110009DB26 /* AudioToolbox.framework in Frameworks */ = {isa = PBXBuildFile; fileRef = 52BF11D01415E2110009DB26 /* AudioToolbox.framework */; };
		52BF11D31415E21A0009DB26 /* MediaPlayer.framework in Frameworks */ = {isa = PBXBuildFile; fileRef = 52BF11D21415E21A0009DB26 /* MediaPlayer.framework */; };
		52BF11D51415E2250009DB26 /* libz.1.2.3.dylib in Frameworks */ = {isa = PBXBuildFile; fileRef = 52BF11D41415E2250009DB26 /* libz.1.2.3.dylib */; };
		52BF11D71415E2BA0009DB26 /* EAGLViewController.xib in Resources */ = {isa = PBXBuildFile; fileRef = 52BF11D61415E2BA0009DB26 /* EAGLViewController.xib */; };
		52BF11E51415E4440009DB26 /* tutorial1app.cpp in Sources */ = {isa = PBXBuildFile; fileRef = 52C2631310F5C04B00F2F69F /* tutorial1app.cpp */; };
		52BF11F51415E45B0009DB26 /* libdjengine_osx.a in Frameworks */ = {isa = PBXBuildFile; fileRef = 52BF11F01415E45B0009DB26 /* libdjengine_osx.a */; };
		52BF11F61415E45B0009DB26 /* libdjopenalsound_osx.a in Frameworks */ = {isa = PBXBuildFile; fileRef = 52BF11F11415E45B0009DB26 /* libdjopenalsound_osx.a */; };
		52BF11F71415E45B0009DB26 /* libdjos_osx.a in Frameworks */ = {isa = PBXBuildFile; fileRef = 52BF11F21415E45B0009DB26 /* libdjos_osx.a */; };
		52BF11F81415E45B0009DB26 /* libgles2render_osx.a in Frameworks */ = {isa = PBXBuildFile; fileRef = 52BF11F31415E45B0009DB26 /* libgles2render_osx.a */; };
		52BF11F91415E45B0009DB26 /* libocmp3lib_osx.a in Frameworks */ = {isa = PBXBuildFile; fileRef = 52BF11F41415E45B0009DB26 /* libocmp3lib_osx.a */; };
		52BF11FB1415E4CA0009DB26 /* OpenAL.framework in Frameworks */ = {isa = PBXBuildFile; fileRef = 52BF11FA1415E4C90009DB26 /* OpenAL.framework */; };
		52BF11FD1415E4D20009DB26 /* OpenGL.framework in Frameworks */ = {isa = PBXBuildFile; fileRef = 52BF11FC1415E4D20009DB26 /* OpenGL.framework */; };
		52BF11FF1415E4D60009DB26 /* GLUT.framework in Frameworks */ = {isa = PBXBuildFile; fileRef = 52BF11FE1415E4D60009DB26 /* GLUT.framework */; };
		52BF12011415E4E10009DB26 /* libiconv.2.4.0.dylib in Frameworks */ = {isa = PBXBuildFile; fileRef = 52BF12001415E4E10009DB26 /* libiconv.2.4.0.dylib */; };
		52BF12031415E4EB0009DB26 /* libz.1.2.3.dylib in Frameworks */ = {isa = PBXBuildFile; fileRef = 52BF12021415E4EB0009DB26 /* libz.1.2.3.dylib */; };
		52C2631510F5C04B00F2F69F /* tutorial1app.cpp in Sources */ = {isa = PBXBuildFile; fileRef = 52C2631310F5C04B00F2F69F /* tutorial1app.cpp */; };
		52C269B810FAADAD00F2F69F /* data in Resources */ = {isa = PBXBuildFile; fileRef = 52C269A810FAADAD00F2F69F /* data */; };
		9D14E7FF12AF3FED002D40F7 /* libdjos.a in Frameworks */ = {isa = PBXBuildFile; fileRef = 9D14E7A112AF3F0E002D40F7 /* libdjos.a */; };
		9D14E80012AF3FF5002D40F7 /* libdjopenalsound.a in Frameworks */ = {isa = PBXBuildFile; fileRef = 9D14E7AA12AF3F1F002D40F7 /* libdjopenalsound.a */; };
		9D80E7F21344F95B00AA6769 /* OpenAL.framework in Frameworks */ = {isa = PBXBuildFile; fileRef = 9D80E7F11344F95B00AA6769 /* OpenAL.framework */; };
/* End PBXBuildFile section */

/* Begin PBXContainerItemProxy section */
		529818361155E6E60089E11E /* PBXContainerItemProxy */ = {
			isa = PBXContainerItemProxy;
			containerPortal = 529818321155E6E60089E11E /* djengine.xcodeproj */;
			proxyType = 2;
			remoteGlobalIDString = D2AAC07E0554694100DB518D;
			remoteInfo = djengine;
		};
		5298183C1155E7020089E11E /* PBXContainerItemProxy */ = {
			isa = PBXContainerItemProxy;
			containerPortal = 529818381155E7020089E11E /* gles2render.xcodeproj */;
			proxyType = 2;
			remoteGlobalIDString = D2AAC07E0554694100DB518D;
			remoteInfo = gles2render;
		};
		529818F41155F7830089E11E /* PBXContainerItemProxy */ = {
			isa = PBXContainerItemProxy;
			containerPortal = 529818381155E7020089E11E /* gles2render.xcodeproj */;
			proxyType = 1;
			remoteGlobalIDString = D2AAC07D0554694100DB518D;
			remoteInfo = gles2render;
		};
		529818F61155F7860089E11E /* PBXContainerItemProxy */ = {
			isa = PBXContainerItemProxy;
			containerPortal = 529818321155E6E60089E11E /* djengine.xcodeproj */;
			proxyType = 1;
			remoteGlobalIDString = D2AAC07D0554694100DB518D;
			remoteInfo = djengine;
		};
		52BF11671415DF3E0009DB26 /* PBXContainerItemProxy */ = {
			isa = PBXContainerItemProxy;
			containerPortal = 529818321155E6E60089E11E /* djengine.xcodeproj */;
			proxyType = 2;
			remoteGlobalIDString = 52D81AF3141491AE00F381D1;
			remoteInfo = djengine_osx;
		};
		52BF116A1415DF3E0009DB26 /* PBXContainerItemProxy */ = {
			isa = PBXContainerItemProxy;
			containerPortal = 9D14E7A212AF3F1F002D40F7 /* djopenalsound.xcodeproj */;
			proxyType = 2;
			remoteGlobalIDString = 52D81B591414997000F381D1;
			remoteInfo = djopenalsound_osx;
		};
		52BF116D1415DF3E0009DB26 /* PBXContainerItemProxy */ = {
			isa = PBXContainerItemProxy;
			containerPortal = 9D14E79912AF3F0E002D40F7 /* djos.xcodeproj */;
			proxyType = 2;
			remoteGlobalIDString = 52D81AA3141483BC00F381D1;
			remoteInfo = djos_osx;
		};
		52BF11701415DF3E0009DB26 /* PBXContainerItemProxy */ = {
			isa = PBXContainerItemProxy;
			containerPortal = 529818381155E7020089E11E /* gles2render.xcodeproj */;
			proxyType = 2;
			remoteGlobalIDString = 52D81B6D14149AE800F381D1;
			remoteInfo = gles2render_osx;
		};
		52BF11C81415E1C70009DB26 /* PBXContainerItemProxy */ = {
			isa = PBXContainerItemProxy;
			containerPortal = 52BF11C01415E1C60009DB26 /* ocmp3lib.xcodeproj */;
			proxyType = 2;
			remoteGlobalIDString = 9D25C0EA13B975D5002E9636;
			remoteInfo = ocmp3lib;
		};
		52BF11CA1415E1C70009DB26 /* PBXContainerItemProxy */ = {
			isa = PBXContainerItemProxy;
			containerPortal = 52BF11C01415E1C60009DB26 /* ocmp3lib.xcodeproj */;
			proxyType = 2;
			remoteGlobalIDString = 52D81C671414A21500F381D1;
			remoteInfo = ocmp3lib_osx;
		};
		52BF11CC1415E1F50009DB26 /* PBXContainerItemProxy */ = {
			isa = PBXContainerItemProxy;
			containerPortal = 52BF11C01415E1C60009DB26 /* ocmp3lib.xcodeproj */;
			proxyType = 1;
			remoteGlobalIDString = 9D25C0E913B975D5002E9636;
			remoteInfo = ocmp3lib;
		};
		52BF11E61415E4520009DB26 /* PBXContainerItemProxy */ = {
			isa = PBXContainerItemProxy;
			containerPortal = 529818381155E7020089E11E /* gles2render.xcodeproj */;
			proxyType = 1;
			remoteGlobalIDString = 52D81B6C14149AE800F381D1;
			remoteInfo = gles2render_osx;
		};
		52BF11E81415E4520009DB26 /* PBXContainerItemProxy */ = {
			isa = PBXContainerItemProxy;
			containerPortal = 9D14E79912AF3F0E002D40F7 /* djos.xcodeproj */;
			proxyType = 1;
			remoteGlobalIDString = 52D81AA2141483BC00F381D1;
			remoteInfo = djos_osx;
		};
		52BF11EA1415E4520009DB26 /* PBXContainerItemProxy */ = {
			isa = PBXContainerItemProxy;
			containerPortal = 529818321155E6E60089E11E /* djengine.xcodeproj */;
			proxyType = 1;
			remoteGlobalIDString = 52D81AF2141491AE00F381D1;
			remoteInfo = djengine_osx;
		};
		52BF11EC1415E4520009DB26 /* PBXContainerItemProxy */ = {
			isa = PBXContainerItemProxy;
			containerPortal = 52BF11C01415E1C60009DB26 /* ocmp3lib.xcodeproj */;
			proxyType = 1;
			remoteGlobalIDString = 52D81C661414A21500F381D1;
			remoteInfo = ocmp3lib_osx;
		};
		52BF11EE1415E4520009DB26 /* PBXContainerItemProxy */ = {
			isa = PBXContainerItemProxy;
			containerPortal = 9D14E7A212AF3F1F002D40F7 /* djopenalsound.xcodeproj */;
			proxyType = 1;
			remoteGlobalIDString = 52D81B581414997000F381D1;
			remoteInfo = djopenalsound_osx;
		};
		9D14E7A012AF3F0E002D40F7 /* PBXContainerItemProxy */ = {
			isa = PBXContainerItemProxy;
			containerPortal = 9D14E79912AF3F0E002D40F7 /* djos.xcodeproj */;
			proxyType = 2;
			remoteGlobalIDString = D2AAC07E0554694100DB518D;
			remoteInfo = djos;
		};
		9D14E7A912AF3F1F002D40F7 /* PBXContainerItemProxy */ = {
			isa = PBXContainerItemProxy;
			containerPortal = 9D14E7A212AF3F1F002D40F7 /* djopenalsound.xcodeproj */;
			proxyType = 2;
			remoteGlobalIDString = D2AAC07E0554694100DB518D;
			remoteInfo = djopenalsound;
		};
		9D14E83712AF417D002D40F7 /* PBXContainerItemProxy */ = {
			isa = PBXContainerItemProxy;
			containerPortal = 9D14E79912AF3F0E002D40F7 /* djos.xcodeproj */;
			proxyType = 1;
			remoteGlobalIDString = D2AAC07D0554694100DB518D;
			remoteInfo = djos;
		};
		9D14E83912AF417D002D40F7 /* PBXContainerItemProxy */ = {
			isa = PBXContainerItemProxy;
			containerPortal = 9D14E7A212AF3F1F002D40F7 /* djopenalsound.xcodeproj */;
			proxyType = 1;
			remoteGlobalIDString = D2AAC07D0554694100DB518D;
			remoteInfo = djopenalsound;
		};
/* End PBXContainerItemProxy section */

/* Begin PBXCopyFilesBuildPhase section */
		52BF11DA1415E3E20009DB26 /* CopyFiles */ = {
			isa = PBXCopyFilesBuildPhase;
			buildActionMask = 2147483647;
			dstPath = /usr/share/man/man1/;
			dstSubfolderSpec = 0;
			files = (
			);
			runOnlyForDeploymentPostprocessing = 1;
		};
/* End PBXCopyFilesBuildPhase section */

/* Begin PBXFileReference section */
		1D30AB110D05D00D00671497 /* Foundation.framework */ = {isa = PBXFileReference; lastKnownFileType = wrapper.framework; name = Foundation.framework; path = System/Library/Frameworks/Foundation.framework; sourceTree = SDKROOT; };
		1DF5F4DF0D08C38300B7A737 /* UIKit.framework */ = {isa = PBXFileReference; lastKnownFileType = wrapper.framework; name = UIKit.framework; path = System/Library/Frameworks/UIKit.framework; sourceTree = SDKROOT; };
		28FD14FF0DC6FC520079059D /* OpenGLES.framework */ = {isa = PBXFileReference; lastKnownFileType = wrapper.framework; name = OpenGLES.framework; path = System/Library/Frameworks/OpenGLES.framework; sourceTree = SDKROOT; };
		28FD15070DC6FC5B0079059D /* QuartzCore.framework */ = {isa = PBXFileReference; lastKnownFileType = wrapper.framework; name = QuartzCore.framework; path = System/Library/Frameworks/QuartzCore.framework; sourceTree = SDKROOT; };
		529818071155E5A30089E11E /* Default.png */ = {isa = PBXFileReference; lastKnownFileType = image.png; name = Default.png; path = sourcecode/iphone/Default.png; sourceTree = "<group>"; };
		529818081155E5A30089E11E /* icon.png */ = {isa = PBXFileReference; lastKnownFileType = image.png; name = icon.png; path = sourcecode/iphone/icon.png; sourceTree = "<group>"; };
		5298180B1155E5BA0089E11E /* tutorial1-Info.plist */ = {isa = PBXFileReference; fileEncoding = 4; lastKnownFileType = text.plist.xml; name = "tutorial1-Info.plist"; path = "sourcecode/iphone/tutorial1-Info.plist"; sourceTree = "<group>"; };
		529818191155E6050089E11E /* MainWindow.xib */ = {isa = PBXFileReference; lastKnownFileType = file.xib; name = MainWindow.xib; path = sourcecode/iphone/MainWindow.xib; sourceTree = "<group>"; };
		529818321155E6E60089E11E /* djengine.xcodeproj */ = {isa = PBXFileReference; lastKnownFileType = "wrapper.pb-project"; name = djengine.xcodeproj; path = ../../djengine/djengine.xcodeproj; sourceTree = SOURCE_ROOT; };
		529818381155E7020089E11E /* gles2render.xcodeproj */ = {isa = PBXFileReference; lastKnownFileType = "wrapper.pb-project"; name = gles2render.xcodeproj; path = ../../gles2render/gles2render.xcodeproj; sourceTree = SOURCE_ROOT; };
		529818A11155EFE00089E11E /* CoreGraphics.framework */ = {isa = PBXFileReference; lastKnownFileType = wrapper.framework; name = CoreGraphics.framework; path = System/Library/Frameworks/CoreGraphics.framework; sourceTree = SDKROOT; };
		52B8ACDC1137C1E900D1B5CC /* tutorial1.app */ = {isa = PBXFileReference; explicitFileType = wrapper.application; includeInIndex = 0; path = tutorial1.app; sourceTree = BUILT_PRODUCTS_DIR; };
		52BF11C01415E1C60009DB26 /* ocmp3lib.xcodeproj */ = {isa = PBXFileReference; lastKnownFileType = "wrapper.pb-project"; name = ocmp3lib.xcodeproj; path = ../../externals/ocmp3lib/ocmp3lib.xcodeproj; sourceTree = "<group>"; };
		52BF11CE1415E1FF0009DB26 /* libocmp3lib.a */ = {isa = PBXFileReference; explicitFileType = archive.ar; path = libocmp3lib.a; sourceTree = SOURCE_ROOT; };
		52BF11D01415E2110009DB26 /* AudioToolbox.framework */ = {isa = PBXFileReference; lastKnownFileType = wrapper.framework; name = AudioToolbox.framework; path = System/Library/Frameworks/AudioToolbox.framework; sourceTree = SDKROOT; };
		52BF11D21415E21A0009DB26 /* MediaPlayer.framework */ = {isa = PBXFileReference; lastKnownFileType = wrapper.framework; name = MediaPlayer.framework; path = System/Library/Frameworks/MediaPlayer.framework; sourceTree = SDKROOT; };
		52BF11D41415E2250009DB26 /* libz.1.2.3.dylib */ = {isa = PBXFileReference; lastKnownFileType = "compiled.mach-o.dylib"; name = libz.1.2.3.dylib; path = usr/lib/libz.1.2.3.dylib; sourceTree = SDKROOT; };
		52BF11D61415E2BA0009DB26 /* EAGLViewController.xib */ = {isa = PBXFileReference; fileEncoding = 4; lastKnownFileType = file.xib; name = EAGLViewController.xib; path = sourcecode/iphone/EAGLViewController.xib; sourceTree = "<group>"; };
		52BF11DC1415E3E20009DB26 /* tutorial1_osx */ = {isa = PBXFileReference; explicitFileType = "compiled.mach-o.executable"; includeInIndex = 0; path = tutorial1_osx; sourceTree = BUILT_PRODUCTS_DIR; };
		52BF11DF1415E3E20009DB26 /* main.cpp */ = {isa = PBXFileReference; lastKnownFileType = sourcecode.cpp.cpp; path = main.cpp; sourceTree = "<group>"; };
		52BF11E11415E3E20009DB26 /* tutorial1_osx.1 */ = {isa = PBXFileReference; lastKnownFileType = text.man; path = tutorial1_osx.1; sourceTree = "<group>"; };
		52BF11F01415E45B0009DB26 /* libdjengine_osx.a */ = {isa = PBXFileReference; explicitFileType = archive.ar; path = libdjengine_osx.a; sourceTree = SOURCE_ROOT; };
		52BF11F11415E45B0009DB26 /* libdjopenalsound_osx.a */ = {isa = PBXFileReference; explicitFileType = archive.ar; path = libdjopenalsound_osx.a; sourceTree = SOURCE_ROOT; };
		52BF11F21415E45B0009DB26 /* libdjos_osx.a */ = {isa = PBXFileReference; explicitFileType = archive.ar; path = libdjos_osx.a; sourceTree = SOURCE_ROOT; };
		52BF11F31415E45B0009DB26 /* libgles2render_osx.a */ = {isa = PBXFileReference; explicitFileType = archive.ar; path = libgles2render_osx.a; sourceTree = SOURCE_ROOT; };
		52BF11F41415E45B0009DB26 /* libocmp3lib_osx.a */ = {isa = PBXFileReference; explicitFileType = archive.ar; path = libocmp3lib_osx.a; sourceTree = SOURCE_ROOT; };
		52BF11FA1415E4C90009DB26 /* OpenAL.framework */ = {isa = PBXFileReference; lastKnownFileType = wrapper.framework; name = OpenAL.framework; path = SDKs/MacOSX10.6.sdk/System/Library/Frameworks/OpenAL.framework; sourceTree = DEVELOPER_DIR; };
		52BF11FC1415E4D20009DB26 /* OpenGL.framework */ = {isa = PBXFileReference; lastKnownFileType = wrapper.framework; name = OpenGL.framework; path = SDKs/MacOSX10.6.sdk/System/Library/Frameworks/OpenGL.framework; sourceTree = DEVELOPER_DIR; };
		52BF11FE1415E4D60009DB26 /* GLUT.framework */ = {isa = PBXFileReference; lastKnownFileType = wrapper.framework; name = GLUT.framework; path = SDKs/MacOSX10.6.sdk/System/Library/Frameworks/GLUT.framework; sourceTree = DEVELOPER_DIR; };
		52BF12001415E4E10009DB26 /* libiconv.2.4.0.dylib */ = {isa = PBXFileReference; lastKnownFileType = "compiled.mach-o.dylib"; name = libiconv.2.4.0.dylib; path = SDKs/MacOSX10.6.sdk/usr/lib/libiconv.2.4.0.dylib; sourceTree = DEVELOPER_DIR; };
		52BF12021415E4EB0009DB26 /* libz.1.2.3.dylib */ = {isa = PBXFileReference; lastKnownFileType = "compiled.mach-o.dylib"; name = libz.1.2.3.dylib; path = SDKs/MacOSX10.6.sdk/usr/lib/libz.1.2.3.dylib; sourceTree = DEVELOPER_DIR; };
		52C2631310F5C04B00F2F69F /* tutorial1app.cpp */ = {isa = PBXFileReference; fileEncoding = 4; lastKnownFileType = sourcecode.cpp.cpp; name = tutorial1app.cpp; path = sourcecode/tutorial1app.cpp; sourceTree = "<group>"; };
		52C2631410F5C04B00F2F69F /* tutorial1app.h */ = {isa = PBXFileReference; fileEncoding = 4; lastKnownFileType = sourcecode.c.h; name = tutorial1app.h; path = sourcecode/tutorial1app.h; sourceTree = "<group>"; };
		52C269A810FAADAD00F2F69F /* data */ = {isa = PBXFileReference; lastKnownFileType = folder; path = data; sourceTree = "<group>"; };
		9D14E79912AF3F0E002D40F7 /* djos.xcodeproj */ = {isa = PBXFileReference; lastKnownFileType = "wrapper.pb-project"; name = djos.xcodeproj; path = ../../djos/djos.xcodeproj; sourceTree = SOURCE_ROOT; };
		9D14E7A212AF3F1F002D40F7 /* djopenalsound.xcodeproj */ = {isa = PBXFileReference; lastKnownFileType = "wrapper.pb-project"; name = djopenalsound.xcodeproj; path = ../../djopenalsound/djopenalsound.xcodeproj; sourceTree = SOURCE_ROOT; };
		9D80E7F11344F95B00AA6769 /* OpenAL.framework */ = {isa = PBXFileReference; lastKnownFileType = wrapper.framework; name = OpenAL.framework; path = System/Library/Frameworks/OpenAL.framework; sourceTree = SDKROOT; };
/* End PBXFileReference section */

/* Begin PBXFrameworksBuildPhase section */
		1D60588F0D05DD3D006BFB54 /* Frameworks */ = {
			isa = PBXFrameworksBuildPhase;
			buildActionMask = 2147483647;
			files = (
				52BF11D51415E2250009DB26 /* libz.1.2.3.dylib in Frameworks */,
				52BF11D31415E21A0009DB26 /* MediaPlayer.framework in Frameworks */,
				52BF11D11415E2110009DB26 /* AudioToolbox.framework in Frameworks */,
				52BF11CF1415E1FF0009DB26 /* libocmp3lib.a in Frameworks */,
				9D14E80012AF3FF5002D40F7 /* libdjopenalsound.a in Frameworks */,
				9D14E7FF12AF3FED002D40F7 /* libdjos.a in Frameworks */,
				529819041155F8350089E11E /* libgles2render.a in Frameworks */,
				529819051155F8350089E11E /* libdjengine.a in Frameworks */,
				1D60589F0D05DD5A006BFB54 /* Foundation.framework in Frameworks */,
				1DF5F4E00D08C38300B7A737 /* UIKit.framework in Frameworks */,
				28FD15000DC6FC520079059D /* OpenGLES.framework in Frameworks */,
				28FD15080DC6FC5B0079059D /* QuartzCore.framework in Frameworks */,
				529818A21155EFE00089E11E /* CoreGraphics.framework in Frameworks */,
				9D80E7F21344F95B00AA6769 /* OpenAL.framework in Frameworks */,
			);
			runOnlyForDeploymentPostprocessing = 0;
		};
		52BF11D91415E3E20009DB26 /* Frameworks */ = {
			isa = PBXFrameworksBuildPhase;
			buildActionMask = 2147483647;
			files = (
				52BF12031415E4EB0009DB26 /* libz.1.2.3.dylib in Frameworks */,
				52BF12011415E4E10009DB26 /* libiconv.2.4.0.dylib in Frameworks */,
				52BF11FF1415E4D60009DB26 /* GLUT.framework in Frameworks */,
				52BF11FD1415E4D20009DB26 /* OpenGL.framework in Frameworks */,
				52BF11FB1415E4CA0009DB26 /* OpenAL.framework in Frameworks */,
				52BF11F51415E45B0009DB26 /* libdjengine_osx.a in Frameworks */,
				52BF11F61415E45B0009DB26 /* libdjopenalsound_osx.a in Frameworks */,
				52BF11F71415E45B0009DB26 /* libdjos_osx.a in Frameworks */,
				52BF11F81415E45B0009DB26 /* libgles2render_osx.a in Frameworks */,
				52BF11F91415E45B0009DB26 /* libocmp3lib_osx.a in Frameworks */,
			);
			runOnlyForDeploymentPostprocessing = 0;
		};
/* End PBXFrameworksBuildPhase section */

/* Begin PBXGroup section */
		19C28FACFE9D520D11CA2CBB /* Products */ = {
			isa = PBXGroup;
			children = (
				52B8ACDC1137C1E900D1B5CC /* tutorial1.app */,
				52BF11DC1415E3E20009DB26 /* tutorial1_osx */,
			);
			name = Products;
			sourceTree = "<group>";
		};
		29B97314FDCFA39411CA2CEA /* CustomTemplate */ = {
			isa = PBXGroup;
			children = (
				52BF12021415E4EB0009DB26 /* libz.1.2.3.dylib */,
				52BF12001415E4E10009DB26 /* libiconv.2.4.0.dylib */,
				52BF11FE1415E4D60009DB26 /* GLUT.framework */,
				52BF11FC1415E4D20009DB26 /* OpenGL.framework */,
				52BF11FA1415E4C90009DB26 /* OpenAL.framework */,
				52BF11F01415E45B0009DB26 /* libdjengine_osx.a */,
				52BF11F11415E45B0009DB26 /* libdjopenalsound_osx.a */,
				52BF11F21415E45B0009DB26 /* libdjos_osx.a */,
				52BF11F31415E45B0009DB26 /* libgles2render_osx.a */,
				52BF11F41415E45B0009DB26 /* libocmp3lib_osx.a */,
				52BF11D41415E2250009DB26 /* libz.1.2.3.dylib */,
				52BF11D21415E21A0009DB26 /* MediaPlayer.framework */,
				52BF11D01415E2110009DB26 /* AudioToolbox.framework */,
				52BF11CE1415E1FF0009DB26 /* libocmp3lib.a */,
				52BF11C01415E1C60009DB26 /* ocmp3lib.xcodeproj */,
				9D14E7A212AF3F1F002D40F7 /* djopenalsound.xcodeproj */,
				9D14E79912AF3F0E002D40F7 /* djos.xcodeproj */,
				529818381155E7020089E11E /* gles2render.xcodeproj */,
				529818321155E6E60089E11E /* djengine.xcodeproj */,
				29B97315FDCFA39411CA2CEA /* sourcecode */,
				5298181F1155E65A0089E11E /* iphone */,
				29B97317FDCFA39411CA2CEA /* Resources */,
				52BF11DE1415E3E20009DB26 /* tutorial1_osx */,
				29B97323FDCFA39411CA2CEA /* Frameworks */,
				19C28FACFE9D520D11CA2CBB /* Products */,
				9D80E7F11344F95B00AA6769 /* OpenAL.framework */,
			);
			name = CustomTemplate;
			sourceTree = "<group>";
		};
		29B97315FDCFA39411CA2CEA /* sourcecode */ = {
			isa = PBXGroup;
			children = (
				52C2631310F5C04B00F2F69F /* tutorial1app.cpp */,
				52C2631410F5C04B00F2F69F /* tutorial1app.h */,
			);
			name = sourcecode;
			sourceTree = "<group>";
		};
		29B97317FDCFA39411CA2CEA /* Resources */ = {
			isa = PBXGroup;
			children = (
				52BF11D61415E2BA0009DB26 /* EAGLViewController.xib */,
				5298180B1155E5BA0089E11E /* tutorial1-Info.plist */,
				529818071155E5A30089E11E /* Default.png */,
				529818081155E5A30089E11E /* icon.png */,
				52C269A810FAADAD00F2F69F /* data */,
				529818191155E6050089E11E /* MainWindow.xib */,
			);
			name = Resources;
			sourceTree = "<group>";
		};
		29B97323FDCFA39411CA2CEA /* Frameworks */ = {
			isa = PBXGroup;
			children = (
				28FD15070DC6FC5B0079059D /* QuartzCore.framework */,
				28FD14FF0DC6FC520079059D /* OpenGLES.framework */,
				1DF5F4DF0D08C38300B7A737 /* UIKit.framework */,
				1D30AB110D05D00D00671497 /* Foundation.framework */,
				529818A11155EFE00089E11E /* CoreGraphics.framework */,
			);
			name = Frameworks;
			sourceTree = "<group>";
		};
		5298181F1155E65A0089E11E /* iphone */ = {
			isa = PBXGroup;
			children = (
			);
			name = iphone;
			sourceTree = "<group>";
		};
		529818331155E6E60089E11E /* Products */ = {
			isa = PBXGroup;
			children = (
				529818371155E6E60089E11E /* libdjengine.a */,
				52BF11681415DF3E0009DB26 /* libdjengine_osx.a */,
			);
			name = Products;
			sourceTree = "<group>";
		};
		529818391155E7020089E11E /* Products */ = {
			isa = PBXGroup;
			children = (
				5298183D1155E7020089E11E /* libgles2render.a */,
				52BF11711415DF3E0009DB26 /* libgles2render_osx.a */,
			);
			name = Products;
			sourceTree = "<group>";
		};
		52BF11C11415E1C60009DB26 /* Products */ = {
			isa = PBXGroup;
			children = (
				52BF11C91415E1C70009DB26 /* libocmp3lib.a */,
				52BF11CB1415E1C70009DB26 /* libocmp3lib_osx.a */,
			);
			name = Products;
			sourceTree = "<group>";
		};
		52BF11DE1415E3E20009DB26 /* tutorial1_osx */ = {
			isa = PBXGroup;
			children = (
				52BF11DF1415E3E20009DB26 /* main.cpp */,
				52BF11E11415E3E20009DB26 /* tutorial1_osx.1 */,
			);
			path = tutorial1_osx;
			sourceTree = "<group>";
		};
		9D14E79A12AF3F0E002D40F7 /* Products */ = {
			isa = PBXGroup;
			children = (
				9D14E7A112AF3F0E002D40F7 /* libdjos.a */,
				52BF116E1415DF3E0009DB26 /* libdjos_osx.a */,
			);
			name = Products;
			sourceTree = "<group>";
		};
		9D14E7A312AF3F1F002D40F7 /* Products */ = {
			isa = PBXGroup;
			children = (
				9D14E7AA12AF3F1F002D40F7 /* libdjopenalsound.a */,
				52BF116B1415DF3E0009DB26 /* libdjopenalsound_osx.a */,
			);
			name = Products;
			sourceTree = "<group>";
		};
/* End PBXGroup section */

/* Begin PBXNativeTarget section */
		1D6058900D05DD3D006BFB54 /* tutorial1 */ = {
			isa = PBXNativeTarget;
			buildConfigurationList = 1D6058960D05DD3E006BFB54 /* Build configuration list for PBXNativeTarget "tutorial1" */;
			buildPhases = (
				1D60588D0D05DD3D006BFB54 /* Resources */,
				1D60588E0D05DD3D006BFB54 /* Sources */,
				1D60588F0D05DD3D006BFB54 /* Frameworks */,
			);
			buildRules = (
			);
			dependencies = (
				52BF11CD1415E1F50009DB26 /* PBXTargetDependency */,
				529818F51155F7830089E11E /* PBXTargetDependency */,
				529818F71155F7860089E11E /* PBXTargetDependency */,
				9D14E83812AF417D002D40F7 /* PBXTargetDependency */,
				9D14E83A12AF417D002D40F7 /* PBXTargetDependency */,
			);
			name = tutorial1;
			productName = tutorial1;
			productReference = 52B8ACDC1137C1E900D1B5CC /* tutorial1.app */;
			productType = "com.apple.product-type.application";
		};
		52BF11DB1415E3E20009DB26 /* tutorial1_osx */ = {
			isa = PBXNativeTarget;
			buildConfigurationList = 52BF11E21415E3E20009DB26 /* Build configuration list for PBXNativeTarget "tutorial1_osx" */;
			buildPhases = (
				52BF11D81415E3E20009DB26 /* Sources */,
				52BF11D91415E3E20009DB26 /* Frameworks */,
				52BF11DA1415E3E20009DB26 /* CopyFiles */,
			);
			buildRules = (
			);
			dependencies = (
				52BF11E71415E4520009DB26 /* PBXTargetDependency */,
				52BF11E91415E4520009DB26 /* PBXTargetDependency */,
				52BF11EB1415E4520009DB26 /* PBXTargetDependency */,
				52BF11ED1415E4520009DB26 /* PBXTargetDependency */,
				52BF11EF1415E4520009DB26 /* PBXTargetDependency */,
			);
			name = tutorial1_osx;
			productName = tutorial1_osx;
			productReference = 52BF11DC1415E3E20009DB26 /* tutorial1_osx */;
			productType = "com.apple.product-type.tool";
		};
/* End PBXNativeTarget section */

/* Begin PBXProject section */
		29B97313FDCFA39411CA2CEA /* Project object */ = {
			isa = PBXProject;
			buildConfigurationList = C01FCF4E08A954540054247B /* Build configuration list for PBXProject "tutorial1" */;
			compatibilityVersion = "Xcode 3.1";
			developmentRegion = English;
			hasScannedForEncodings = 1;
			knownRegions = (
				English,
				Japanese,
				French,
				German,
			);
			mainGroup = 29B97314FDCFA39411CA2CEA /* CustomTemplate */;
			projectDirPath = "";
			projectReferences = (
				{
					ProductGroup = 529818331155E6E60089E11E /* Products */;
					ProjectRef = 529818321155E6E60089E11E /* djengine.xcodeproj */;
				},
				{
					ProductGroup = 9D14E7A312AF3F1F002D40F7 /* Products */;
					ProjectRef = 9D14E7A212AF3F1F002D40F7 /* djopenalsound.xcodeproj */;
				},
				{
					ProductGroup = 9D14E79A12AF3F0E002D40F7 /* Products */;
					ProjectRef = 9D14E79912AF3F0E002D40F7 /* djos.xcodeproj */;
				},
				{
					ProductGroup = 529818391155E7020089E11E /* Products */;
					ProjectRef = 529818381155E7020089E11E /* gles2render.xcodeproj */;
				},
				{
					ProductGroup = 52BF11C11415E1C60009DB26 /* Products */;
					ProjectRef = 52BF11C01415E1C60009DB26 /* ocmp3lib.xcodeproj */;
				},
			);
			projectRoot = "";
			targets = (
				1D6058900D05DD3D006BFB54 /* tutorial1 */,
				52BF11DB1415E3E20009DB26 /* tutorial1_osx */,
			);
		};
/* End PBXProject section */

/* Begin PBXReferenceProxy section */
		529818371155E6E60089E11E /* libdjengine.a */ = {
			isa = PBXReferenceProxy;
			fileType = archive.ar;
			path = libdjengine.a;
			remoteRef = 529818361155E6E60089E11E /* PBXContainerItemProxy */;
			sourceTree = BUILT_PRODUCTS_DIR;
		};
		5298183D1155E7020089E11E /* libgles2render.a */ = {
			isa = PBXReferenceProxy;
			fileType = archive.ar;
			path = libgles2render.a;
			remoteRef = 5298183C1155E7020089E11E /* PBXContainerItemProxy */;
			sourceTree = BUILT_PRODUCTS_DIR;
		};
		52BF11681415DF3E0009DB26 /* libdjengine_osx.a */ = {
			isa = PBXReferenceProxy;
			fileType = archive.ar;
			path = libdjengine_osx.a;
			remoteRef = 52BF11671415DF3E0009DB26 /* PBXContainerItemProxy */;
			sourceTree = BUILT_PRODUCTS_DIR;
		};
		52BF116B1415DF3E0009DB26 /* libdjopenalsound_osx.a */ = {
			isa = PBXReferenceProxy;
			fileType = archive.ar;
			path = libdjopenalsound_osx.a;
			remoteRef = 52BF116A1415DF3E0009DB26 /* PBXContainerItemProxy */;
			sourceTree = BUILT_PRODUCTS_DIR;
		};
		52BF116E1415DF3E0009DB26 /* libdjos_osx.a */ = {
			isa = PBXReferenceProxy;
			fileType = archive.ar;
			path = libdjos_osx.a;
			remoteRef = 52BF116D1415DF3E0009DB26 /* PBXContainerItemProxy */;
			sourceTree = BUILT_PRODUCTS_DIR;
		};
		52BF11711415DF3E0009DB26 /* libgles2render_osx.a */ = {
			isa = PBXReferenceProxy;
			fileType = archive.ar;
			path = libgles2render_osx.a;
			remoteRef = 52BF11701415DF3E0009DB26 /* PBXContainerItemProxy */;
			sourceTree = BUILT_PRODUCTS_DIR;
		};
		52BF11C91415E1C70009DB26 /* libocmp3lib.a */ = {
			isa = PBXReferenceProxy;
			fileType = archive.ar;
			path = libocmp3lib.a;
			remoteRef = 52BF11C81415E1C70009DB26 /* PBXContainerItemProxy */;
			sourceTree = BUILT_PRODUCTS_DIR;
		};
		52BF11CB1415E1C70009DB26 /* libocmp3lib_osx.a */ = {
			isa = PBXReferenceProxy;
			fileType = archive.ar;
			path = libocmp3lib_osx.a;
			remoteRef = 52BF11CA1415E1C70009DB26 /* PBXContainerItemProxy */;
			sourceTree = BUILT_PRODUCTS_DIR;
		};
		9D14E7A112AF3F0E002D40F7 /* libdjos.a */ = {
			isa = PBXReferenceProxy;
			fileType = archive.ar;
			path = libdjos.a;
			remoteRef = 9D14E7A012AF3F0E002D40F7 /* PBXContainerItemProxy */;
			sourceTree = BUILT_PRODUCTS_DIR;
		};
		9D14E7AA12AF3F1F002D40F7 /* libdjopenalsound.a */ = {
			isa = PBXReferenceProxy;
			fileType = archive.ar;
			path = libdjopenalsound.a;
			remoteRef = 9D14E7A912AF3F1F002D40F7 /* PBXContainerItemProxy */;
			sourceTree = BUILT_PRODUCTS_DIR;
		};
/* End PBXReferenceProxy section */

/* Begin PBXResourcesBuildPhase section */
		1D60588D0D05DD3D006BFB54 /* Resources */ = {
			isa = PBXResourcesBuildPhase;
			buildActionMask = 2147483647;
			files = (
				52C269B810FAADAD00F2F69F /* data in Resources */,
				529818091155E5A30089E11E /* Default.png in Resources */,
				5298180A1155E5A30089E11E /* icon.png in Resources */,
				5298181A1155E6050089E11E /* MainWindow.xib in Resources */,
				52BF11D71415E2BA0009DB26 /* EAGLViewController.xib in Resources */,
			);
			runOnlyForDeploymentPostprocessing = 0;
		};
/* End PBXResourcesBuildPhase section */

/* Begin PBXSourcesBuildPhase section */
		1D60588E0D05DD3D006BFB54 /* Sources */ = {
			isa = PBXSourcesBuildPhase;
			buildActionMask = 2147483647;
			files = (
				52C2631510F5C04B00F2F69F /* tutorial1app.cpp in Sources */,
			);
			runOnlyForDeploymentPostprocessing = 0;
		};
		52BF11D81415E3E20009DB26 /* Sources */ = {
			isa = PBXSourcesBuildPhase;
			buildActionMask = 2147483647;
			files = (
				52BF11E51415E4440009DB26 /* tutorial1app.cpp in Sources */,
			);
			runOnlyForDeploymentPostprocessing = 0;
		};
/* End PBXSourcesBuildPhase section */

/* Begin PBXTargetDependency section */
		529818F51155F7830089E11E /* PBXTargetDependency */ = {
			isa = PBXTargetDependency;
			name = gles2render;
			targetProxy = 529818F41155F7830089E11E /* PBXContainerItemProxy */;
		};
		529818F71155F7860089E11E /* PBXTargetDependency */ = {
			isa = PBXTargetDependency;
			name = djengine;
			targetProxy = 529818F61155F7860089E11E /* PBXContainerItemProxy */;
		};
		52BF11CD1415E1F50009DB26 /* PBXTargetDependency */ = {
			isa = PBXTargetDependency;
			name = ocmp3lib;
			targetProxy = 52BF11CC1415E1F50009DB26 /* PBXContainerItemProxy */;
		};
		52BF11E71415E4520009DB26 /* PBXTargetDependency */ = {
			isa = PBXTargetDependency;
			name = gles2render_osx;
			targetProxy = 52BF11E61415E4520009DB26 /* PBXContainerItemProxy */;
		};
		52BF11E91415E4520009DB26 /* PBXTargetDependency */ = {
			isa = PBXTargetDependency;
			name = djos_osx;
			targetProxy = 52BF11E81415E4520009DB26 /* PBXContainerItemProxy */;
		};
		52BF11EB1415E4520009DB26 /* PBXTargetDependency */ = {
			isa = PBXTargetDependency;
			name = djengine_osx;
			targetProxy = 52BF11EA1415E4520009DB26 /* PBXContainerItemProxy */;
		};
		52BF11ED1415E4520009DB26 /* PBXTargetDependency */ = {
			isa = PBXTargetDependency;
			name = ocmp3lib_osx;
			targetProxy = 52BF11EC1415E4520009DB26 /* PBXContainerItemProxy */;
		};
		52BF11EF1415E4520009DB26 /* PBXTargetDependency */ = {
			isa = PBXTargetDependency;
			name = djopenalsound_osx;
			targetProxy = 52BF11EE1415E4520009DB26 /* PBXContainerItemProxy */;
		};
		9D14E83812AF417D002D40F7 /* PBXTargetDependency */ = {
			isa = PBXTargetDependency;
			name = djos;
			targetProxy = 9D14E83712AF417D002D40F7 /* PBXContainerItemProxy */;
		};
		9D14E83A12AF417D002D40F7 /* PBXTargetDependency */ = {
			isa = PBXTargetDependency;
			name = djopenalsound;
			targetProxy = 9D14E83912AF417D002D40F7 /* PBXContainerItemProxy */;
		};
/* End PBXTargetDependency section */

/* Begin XCBuildConfiguration section */
		1D6058940D05DD3E006BFB54 /* Debug */ = {
			isa = XCBuildConfiguration;
			buildSettings = {
				ALWAYS_SEARCH_USER_PATHS = NO;
				ARCHS = "$(ARCHS_STANDARD_32_BIT)";
				"CODE_SIGN_IDENTITY[sdk=iphoneos*]" = "iPhone Developer: Daniel Jeppsson (AZ2N43S24H)";
				CODE_SIGN_RESOURCE_RULES_PATH = "";
				COPY_PHASE_STRIP = NO;
				GCC_DYNAMIC_NO_PIC = NO;
				GCC_OPTIMIZATION_LEVEL = 0;
				GCC_PRECOMPILE_PREFIX_HEADER = NO;
				GCC_PREFIX_HEADER = sourcecode/iphone/tutorial1_Prefix.pch;
				"GCC_THUMB_SUPPORT[arch=armv6]" = "";
				HEADER_SEARCH_PATHS = (
					"$(DJENGINE_DIR)/sourcecode",
					"$(DJENGINE_DIR)/include",
					"$(DJENGINE_DIR)/include/osal",
				);
				INFOPLIST_FILE = "sourcecode/iphone/tutorial1-Info.plist";
				LIBRARY_SEARCH_PATHS = (
					"$(inherited)",
					"\"$(SRCROOT)/../../lib/iphone/Debug-iphonesimulator\"",
					"\"$(SRCROOT)/../../lib/iphone/Release-iphonesimulator\"",
					"\"$(SRCROOT)\"",
				);
				OTHER_LDFLAGS = "-all_load";
				PRECOMPS_INCLUDE_HEADERS_FROM_BUILT_PRODUCTS_DIR = YES;
				PRODUCT_NAME = tutorial1;
				SDKROOT = iphoneos;
				TARGETED_DEVICE_FAMILY = "1,2";
				USER_HEADER_SEARCH_PATHS = "$(DJENGINE_DIR)/**";
				VALID_ARCHS = "armv6 armv7 i386";
			};
			name = Debug;
		};
		1D6058950D05DD3E006BFB54 /* Release */ = {
			isa = XCBuildConfiguration;
			buildSettings = {
				ALWAYS_SEARCH_USER_PATHS = NO;
				"CODE_SIGN_IDENTITY[sdk=iphoneos*]" = "iPhone Developer: Daniel Jeppsson (AZ2N43S24H)";
				COPY_PHASE_STRIP = YES;
				GCC_PRECOMPILE_PREFIX_HEADER = YES;
				GCC_PREFIX_HEADER = sourcecode/iphone/tutorial1_Prefix.pch;
				GCC_PREPROCESSOR_DEFINITIONS = (
					NDEBUG,
					__USE_MISC,
					_DJIPHONE,
					_FINALVER,
				);
				"GCC_THUMB_SUPPORT[arch=armv6]" = "";
				HEADER_SEARCH_PATHS = (
					"$(DJENGINE_DIR)/sourcecode",
					"$(DJENGINE_DIR)/include",
					"$(DJENGINE_DIR)/include/osal",
				);
				INFOPLIST_FILE = "sourcecode/iphone/tutorial1-Info.plist";
				LIBRARY_SEARCH_PATHS = (
					"$(inherited)",
					"\"$(SRCROOT)/../../lib/iphone/Debug-iphonesimulator\"",
					"\"$(SRCROOT)/../../lib/iphone/Release-iphonesimulator\"",
					"\"$(SRCROOT)\"",
				);
				OTHER_LDFLAGS = "-all_load";
				PRODUCT_NAME = tutorial1;
				SDKROOT = iphoneos;
				TARGETED_DEVICE_FAMILY = "1,2";
				VALID_ARCHS = "armv6 armv7 i386";
			};
			name = Release;
		};
		52BF11E31415E3E20009DB26 /* Debug */ = {
			isa = XCBuildConfiguration;
			buildSettings = {
				ALWAYS_SEARCH_USER_PATHS = NO;
				ARCHS = "$(ARCHS_STANDARD_32_64_BIT)";
				CODE_SIGN_IDENTITY = "";
				COPY_PHASE_STRIP = NO;
				GCC_C_LANGUAGE_STANDARD = gnu99;
				GCC_DYNAMIC_NO_PIC = NO;
				GCC_ENABLE_OBJC_EXCEPTIONS = YES;
				GCC_OPTIMIZATION_LEVEL = 0;
				GCC_PREPROCESSOR_DEFINITIONS = (
					DEBUG,
					_DEBUG,
					_DJMACOSX,
				);
				GCC_SYMBOLS_PRIVATE_EXTERN = NO;
				GCC_VERSION = com.apple.compilers.llvm.clang.1_0;
				GCC_WARN_64_TO_32_BIT_CONVERSION = YES;
				HEADER_SEARCH_PATHS = (
					"$(DJENGINE_DIR)/sourcecode",
					"$(DJENGINE_DIR)/include",
					"$(DJENGINE_DIR)/include/osal",
				);
				LIBRARY_SEARCH_PATHS = (
					"$(inherited)",
					"\"$(SRCROOT)\"",
				);
				MACOSX_DEPLOYMENT_TARGET = 10.6;
				ONLY_ACTIVE_ARCH = YES;
				PRODUCT_NAME = "$(TARGET_NAME)";
				SDKROOT = macosx;
				VALID_ARCHS = i386;
			};
			name = Debug;
		};
		52BF11E41415E3E20009DB26 /* Release */ = {
			isa = XCBuildConfiguration;
			buildSettings = {
				ALWAYS_SEARCH_USER_PATHS = NO;
				ARCHS = "$(ARCHS_STANDARD_32_64_BIT)";
				"CODE_SIGN_IDENTITY[sdk=iphoneos*]" = "";
				COPY_PHASE_STRIP = YES;
				DEBUG_INFORMATION_FORMAT = "dwarf-with-dsym";
				GCC_C_LANGUAGE_STANDARD = gnu99;
				GCC_ENABLE_OBJC_EXCEPTIONS = YES;
				GCC_PREPROCESSOR_DEFINITIONS = (
					NDEBUG,
					__USE_MISC,
					_DJMACOSX,
					_FINALVER,
				);
				GCC_VERSION = com.apple.compilers.llvm.clang.1_0;
				GCC_WARN_64_TO_32_BIT_CONVERSION = YES;
				LIBRARY_SEARCH_PATHS = (
					"$(inherited)",
					"\"$(SRCROOT)\"",
				);
				MACOSX_DEPLOYMENT_TARGET = 10.6;
				PRODUCT_NAME = "$(TARGET_NAME)";
				SDKROOT = macosx;
				VALID_ARCHS = i386;
			};
			name = Release;
		};
		C01FCF4F08A954540054247B /* Debug */ = {
			isa = XCBuildConfiguration;
			buildSettings = {
				ARCHS = "$(ARCHS_UNIVERSAL_IPHONE_OS)";
				CODE_SIGN_IDENTITY = "iPhone Developer";
				"CODE_SIGN_IDENTITY[sdk=iphoneos*]" = "iPhone Developer";
				GCC_C_LANGUAGE_STANDARD = c99;
				GCC_PRECOMPILE_PREFIX_HEADER = YES;
				GCC_PREPROCESSOR_DEFINITIONS = (
					_DEBUG,
					DEBUG,
					__USE_MISC,
					_DJIPHONE,
				);
				GCC_WARN_ABOUT_RETURN_TYPE = YES;
				GCC_WARN_UNUSED_VARIABLE = YES;
				HEADER_SEARCH_PATHS = (
					"$(DJENGINE_HOME)/sourcecode",
					"$(DJENGINE_HOME)/include",
					"$(DJENGINE_HOME)/include/osal",
				);
				INSTALL_PATH = "$(HOME)/Applications";
				PREBINDING = NO;
				PROVISIONING_PROFILE = "";
				SDKROOT = iphoneos4.2;
				VALID_ARCHS = "";
			};
			name = Debug;
		};
		C01FCF5008A954540054247B /* Release */ = {
			isa = XCBuildConfiguration;
			buildSettings = {
				ARCHS = "$(ARCHS_STANDARD_32_BIT)";
				"CODE_SIGN_IDENTITY[sdk=iphoneos*]" = "iPhone Developer";
				GCC_C_LANGUAGE_STANDARD = c99;
				GCC_PREPROCESSOR_DEFINITIONS = (
					NDEBUG,
					__USE_MISC,
					_DJIPHONE,
				);
				GCC_WARN_ABOUT_RETURN_TYPE = YES;
				GCC_WARN_UNUSED_VARIABLE = YES;
				HEADER_SEARCH_PATHS = (
					../sourcecode,
					../include,
					../include/osal,
				);
				PREBINDING = NO;
				SDKROOT = iphoneos4.2;
				VALID_ARCHS = "";
			};
			name = Release;
		};
/* End XCBuildConfiguration section */

/* Begin XCConfigurationList section */
		1D6058960D05DD3E006BFB54 /* Build configuration list for PBXNativeTarget "tutorial1" */ = {
			isa = XCConfigurationList;
			buildConfigurations = (
				1D6058940D05DD3E006BFB54 /* Debug */,
				1D6058950D05DD3E006BFB54 /* Release */,
			);
			defaultConfigurationIsVisible = 0;
			defaultConfigurationName = Release;
		};
		52BF11E21415E3E20009DB26 /* Build configuration list for PBXNativeTarget "tutorial1_osx" */ = {
			isa = XCConfigurationList;
			buildConfigurations = (
				52BF11E31415E3E20009DB26 /* Debug */,
				52BF11E41415E3E20009DB26 /* Release */,
			);
			defaultConfigurationIsVisible = 0;
			defaultConfigurationName = Release;
		};
		C01FCF4E08A954540054247B /* Build configuration list for PBXProject "tutorial1" */ = {
			isa = XCConfigurationList;
			buildConfigurations = (
				C01FCF4F08A954540054247B /* Debug */,
				C01FCF5008A954540054247B /* Release */,
			);
			defaultConfigurationIsVisible = 0;
			defaultConfigurationName = Release;
		};
/* End XCConfigurationList section */
	};
	rootObject = 29B97313FDCFA39411CA2CEA /* Project object */;
}
